// !$*UTF8*$!
{
	archiveVersion = 1;
	classes = {
	};
	objectVersion = 50;
	objects = {

/* Begin PBXBuildFile section */
		2199065D25DDB33300BAE6F3 /* main.cpp in Sources */ = {isa = PBXBuildFile; fileRef = 2199065C25DDB33300BAE6F3 /* main.cpp */; };
		21D218A325DDB7C8000B87AC /* libglfw.3.3.dylib in Frameworks */ = {isa = PBXBuildFile; fileRef = 21D218A225DDB7C8000B87AC /* libglfw.3.3.dylib */; };
		21D218A525DDB7DC000B87AC /* libvulkan.1.dylib in Frameworks */ = {isa = PBXBuildFile; fileRef = 21D218A425DDB7DC000B87AC /* libvulkan.1.dylib */; };
		21D218A725DDB7DF000B87AC /* libvulkan.1.2.162.dylib in Frameworks */ = {isa = PBXBuildFile; fileRef = 21D218A625DDB7DF000B87AC /* libvulkan.1.2.162.dylib */; };
		21D218A825DDB7FF000B87AC /* libglfw.3.3.dylib in CopyFiles */ = {isa = PBXBuildFile; fileRef = 21D218A225DDB7C8000B87AC /* libglfw.3.3.dylib */; settings = {ATTRIBUTES = (CodeSignOnCopy, ); }; };
		21D218A925DDB803000B87AC /* libvulkan.1.dylib in CopyFiles */ = {isa = PBXBuildFile; fileRef = 21D218A425DDB7DC000B87AC /* libvulkan.1.dylib */; settings = {ATTRIBUTES = (CodeSignOnCopy, ); }; };
		21D218AA25DDB806000B87AC /* libvulkan.1.2.162.dylib in CopyFiles */ = {isa = PBXBuildFile; fileRef = 21D218A625DDB7DF000B87AC /* libvulkan.1.2.162.dylib */; settings = {ATTRIBUTES = (CodeSignOnCopy, ); }; };
		21D218AD25DDB9B9000B87AC /* nere_window.cpp in Sources */ = {isa = PBXBuildFile; fileRef = 21D218AB25DDB9B9000B87AC /* nere_window.cpp */; };
		21D218B025DDB9EE000B87AC /* first_app.cpp in Sources */ = {isa = PBXBuildFile; fileRef = 21D218AE25DDB9EE000B87AC /* first_app.cpp */; };
/* End PBXBuildFile section */

/* Begin PBXCopyFilesBuildPhase section */
		2199065725DDB33300BAE6F3 /* CopyFiles */ = {
			isa = PBXCopyFilesBuildPhase;
			buildActionMask = 12;
			dstPath = "";
			dstSubfolderSpec = 10;
			files = (
				21D218AA25DDB806000B87AC /* libvulkan.1.2.162.dylib in CopyFiles */,
				21D218A925DDB803000B87AC /* libvulkan.1.dylib in CopyFiles */,
				21D218A825DDB7FF000B87AC /* libglfw.3.3.dylib in CopyFiles */,
			);
			runOnlyForDeploymentPostprocessing = 0;
		};
/* End PBXCopyFilesBuildPhase section */

/* Begin PBXFileReference section */
		2199065C25DDB33300BAE6F3 /* main.cpp */ = {isa = PBXFileReference; lastKnownFileType = sourcecode.cpp.cpp; path = main.cpp; sourceTree = "<group>"; };
		21D2189C25DDB50B000B87AC /* NonEuclideanRenderingEngine-nere */ = {isa = PBXFileReference; explicitFileType = "compiled.mach-o.executable"; includeInIndex = 0; path = "NonEuclideanRenderingEngine-nere"; sourceTree = BUILT_PRODUCTS_DIR; };
		21D218A225DDB7C8000B87AC /* libglfw.3.3.dylib */ = {isa = PBXFileReference; lastKnownFileType = "compiled.mach-o.dylib"; name = libglfw.3.3.dylib; path = ../../../../../usr/local/lib/libglfw.3.3.dylib; sourceTree = "<group>"; };
		21D218A425DDB7DC000B87AC /* libvulkan.1.dylib */ = {isa = PBXFileReference; lastKnownFileType = "compiled.mach-o.dylib"; name = libvulkan.1.dylib; path = ../VulkanSDK/macOS/lib/libvulkan.1.dylib; sourceTree = "<group>"; };
		21D218A625DDB7DF000B87AC /* libvulkan.1.2.162.dylib */ = {isa = PBXFileReference; lastKnownFileType = "compiled.mach-o.dylib"; name = libvulkan.1.2.162.dylib; path = ../VulkanSDK/macOS/lib/libvulkan.1.2.162.dylib; sourceTree = "<group>"; };
		21D218AB25DDB9B9000B87AC /* nere_window.cpp */ = {isa = PBXFileReference; lastKnownFileType = sourcecode.cpp.cpp; path = nere_window.cpp; sourceTree = "<group>"; };
		21D218AC25DDB9B9000B87AC /* nere_window.hpp */ = {isa = PBXFileReference; lastKnownFileType = sourcecode.cpp.h; path = nere_window.hpp; sourceTree = "<group>"; };
		21D218AE25DDB9EE000B87AC /* first_app.cpp */ = {isa = PBXFileReference; lastKnownFileType = sourcecode.cpp.cpp; path = first_app.cpp; sourceTree = "<group>"; };
		21D218AF25DDB9EE000B87AC /* first_app.hpp */ = {isa = PBXFileReference; lastKnownFileType = sourcecode.cpp.h; path = first_app.hpp; sourceTree = "<group>"; };
/* End PBXFileReference section */

/* Begin PBXFrameworksBuildPhase section */
		2199065625DDB33300BAE6F3 /* Frameworks */ = {
			isa = PBXFrameworksBuildPhase;
			buildActionMask = 2147483647;
			files = (
				21D218A325DDB7C8000B87AC /* libglfw.3.3.dylib in Frameworks */,
				21D218A525DDB7DC000B87AC /* libvulkan.1.dylib in Frameworks */,
				21D218A725DDB7DF000B87AC /* libvulkan.1.2.162.dylib in Frameworks */,
			);
			runOnlyForDeploymentPostprocessing = 0;
		};
/* End PBXFrameworksBuildPhase section */

/* Begin PBXGroup section */
		2199065025DDB33300BAE6F3 = {
			isa = PBXGroup;
			children = (
				2199065C25DDB33300BAE6F3 /* main.cpp */,
				21D218AB25DDB9B9000B87AC /* nere_window.cpp */,
				21D218AE25DDB9EE000B87AC /* first_app.cpp */,
				21D218AF25DDB9EE000B87AC /* first_app.hpp */,
				21D218AC25DDB9B9000B87AC /* nere_window.hpp */,
				21D2189C25DDB50B000B87AC /* NonEuclideanRenderingEngine-nere */,
				21D218A125DDB7C8000B87AC /* Frameworks */,
			);
			sourceTree = "<group>";
		};
		21D218A125DDB7C8000B87AC /* Frameworks */ = {
			isa = PBXGroup;
			children = (
				21D218A625DDB7DF000B87AC /* libvulkan.1.2.162.dylib */,
				21D218A425DDB7DC000B87AC /* libvulkan.1.dylib */,
				21D218A225DDB7C8000B87AC /* libglfw.3.3.dylib */,
			);
			name = Frameworks;
			sourceTree = "<group>";
		};
/* End PBXGroup section */

/* Begin PBXNativeTarget section */
		2199065825DDB33300BAE6F3 /* NonEuclideanRenderingEngine-nere */ = {
			isa = PBXNativeTarget;
			buildConfigurationList = 2199066025DDB33300BAE6F3 /* Build configuration list for PBXNativeTarget "NonEuclideanRenderingEngine-nere" */;
			buildPhases = (
				2199065725DDB33300BAE6F3 /* CopyFiles */,
				2199065625DDB33300BAE6F3 /* Frameworks */,
				2199065525DDB33300BAE6F3 /* Sources */,
			);
			buildRules = (
			);
			dependencies = (
			);
			name = "NonEuclideanRenderingEngine-nere";
			productName = "NonEuclideanRenderingEngine-nere";
			productReference = 21D2189C25DDB50B000B87AC /* NonEuclideanRenderingEngine-nere */;
			productType = "com.apple.product-type.tool";
		};
/* End PBXNativeTarget section */

/* Begin PBXProject section */
		2199065125DDB33300BAE6F3 /* Project object */ = {
			isa = PBXProject;
			attributes = {
				LastUpgradeCheck = 1130;
				ORGANIZATIONNAME = "Kobi Hall";
				TargetAttributes = {
					2199065825DDB33300BAE6F3 = {
						CreatedOnToolsVersion = 11.3.1;
					};
				};
			};
			buildConfigurationList = 2199065425DDB33300BAE6F3 /* Build configuration list for PBXProject "NonEuclideanRenderingEngine-nere" */;
			compatibilityVersion = "Xcode 9.3";
			developmentRegion = en;
			hasScannedForEncodings = 0;
			knownRegions = (
				en,
				Base,
			);
			mainGroup = 2199065025DDB33300BAE6F3;
			productRefGroup = 2199065025DDB33300BAE6F3;
			projectDirPath = "";
			projectRoot = "";
			targets = (
				2199065825DDB33300BAE6F3 /* NonEuclideanRenderingEngine-nere */,
			);
		};
/* End PBXProject section */

/* Begin PBXSourcesBuildPhase section */
		2199065525DDB33300BAE6F3 /* Sources */ = {
			isa = PBXSourcesBuildPhase;
			buildActionMask = 2147483647;
			files = (
				21D218B025DDB9EE000B87AC /* first_app.cpp in Sources */,
				2199065D25DDB33300BAE6F3 /* main.cpp in Sources */,
				21D218AD25DDB9B9000B87AC /* nere_window.cpp in Sources */,
			);
			runOnlyForDeploymentPostprocessing = 0;
		};
/* End PBXSourcesBuildPhase section */

/* Begin XCBuildConfiguration section */
		2199065E25DDB33300BAE6F3 /* Debug */ = {
			isa = XCBuildConfiguration;
			buildSettings = {
				ALWAYS_SEARCH_USER_PATHS = NO;
				CLANG_ANALYZER_NONNULL = YES;
				CLANG_ANALYZER_NUMBER_OBJECT_CONVERSION = YES_AGGRESSIVE;
				CLANG_CXX_LANGUAGE_STANDARD = "gnu++14";
				CLANG_CXX_LIBRARY = "libc++";
				CLANG_ENABLE_MODULES = YES;
				CLANG_ENABLE_OBJC_ARC = YES;
				CLANG_ENABLE_OBJC_WEAK = YES;
				CLANG_WARN_BLOCK_CAPTURE_AUTORELEASING = YES;
				CLANG_WARN_BOOL_CONVERSION = YES;
				CLANG_WARN_COMMA = YES;
				CLANG_WARN_CONSTANT_CONVERSION = YES;
				CLANG_WARN_DEPRECATED_OBJC_IMPLEMENTATIONS = YES;
				CLANG_WARN_DIRECT_OBJC_ISA_USAGE = YES_ERROR;
				CLANG_WARN_DOCUMENTATION_COMMENTS = YES;
				CLANG_WARN_EMPTY_BODY = YES;
				CLANG_WARN_ENUM_CONVERSION = YES;
				CLANG_WARN_INFINITE_RECURSION = YES;
				CLANG_WARN_INT_CONVERSION = YES;
				CLANG_WARN_NON_LITERAL_NULL_CONVERSION = YES;
				CLANG_WARN_OBJC_IMPLICIT_RETAIN_SELF = YES;
				CLANG_WARN_OBJC_LITERAL_CONVERSION = YES;
				CLANG_WARN_OBJC_ROOT_CLASS = YES_ERROR;
				CLANG_WARN_RANGE_LOOP_ANALYSIS = YES;
				CLANG_WARN_STRICT_PROTOTYPES = YES;
				CLANG_WARN_SUSPICIOUS_MOVE = YES;
				CLANG_WARN_UNGUARDED_AVAILABILITY = YES_AGGRESSIVE;
				CLANG_WARN_UNREACHABLE_CODE = YES;
				CLANG_WARN__DUPLICATE_METHOD_MATCH = YES;
				COPY_PHASE_STRIP = NO;
				DEBUG_INFORMATION_FORMAT = dwarf;
				ENABLE_STRICT_OBJC_MSGSEND = YES;
				ENABLE_TESTABILITY = YES;
				GCC_C_LANGUAGE_STANDARD = gnu11;
				GCC_DYNAMIC_NO_PIC = NO;
				GCC_NO_COMMON_BLOCKS = YES;
				GCC_OPTIMIZATION_LEVEL = 0;
				GCC_PREPROCESSOR_DEFINITIONS = (
					"DEBUG=1",
					"$(inherited)",
				);
				GCC_WARN_64_TO_32_BIT_CONVERSION = YES;
				GCC_WARN_ABOUT_RETURN_TYPE = YES_ERROR;
				GCC_WARN_UNDECLARED_SELECTOR = YES;
				GCC_WARN_UNINITIALIZED_AUTOS = YES_AGGRESSIVE;
				GCC_WARN_UNUSED_FUNCTION = YES;
				GCC_WARN_UNUSED_VARIABLE = YES;
				MACOSX_DEPLOYMENT_TARGET = 10.14;
				MTL_ENABLE_DEBUG_INFO = INCLUDE_SOURCE;
				MTL_FAST_MATH = YES;
				ONLY_ACTIVE_ARCH = YES;
				SDKROOT = macosx;
			};
			name = Debug;
		};
		2199065F25DDB33300BAE6F3 /* Release */ = {
			isa = XCBuildConfiguration;
			buildSettings = {
				ALWAYS_SEARCH_USER_PATHS = NO;
				CLANG_ANALYZER_NONNULL = YES;
				CLANG_ANALYZER_NUMBER_OBJECT_CONVERSION = YES_AGGRESSIVE;
				CLANG_CXX_LANGUAGE_STANDARD = "gnu++14";
				CLANG_CXX_LIBRARY = "libc++";
				CLANG_ENABLE_MODULES = YES;
				CLANG_ENABLE_OBJC_ARC = YES;
				CLANG_ENABLE_OBJC_WEAK = YES;
				CLANG_WARN_BLOCK_CAPTURE_AUTORELEASING = YES;
				CLANG_WARN_BOOL_CONVERSION = YES;
				CLANG_WARN_COMMA = YES;
				CLANG_WARN_CONSTANT_CONVERSION = YES;
				CLANG_WARN_DEPRECATED_OBJC_IMPLEMENTATIONS = YES;
				CLANG_WARN_DIRECT_OBJC_ISA_USAGE = YES_ERROR;
				CLANG_WARN_DOCUMENTATION_COMMENTS = YES;
				CLANG_WARN_EMPTY_BODY = YES;
				CLANG_WARN_ENUM_CONVERSION = YES;
				CLANG_WARN_INFINITE_RECURSION = YES;
				CLANG_WARN_INT_CONVERSION = YES;
				CLANG_WARN_NON_LITERAL_NULL_CONVERSION = YES;
				CLANG_WARN_OBJC_IMPLICIT_RETAIN_SELF = YES;
				CLANG_WARN_OBJC_LITERAL_CONVERSION = YES;
				CLANG_WARN_OBJC_ROOT_CLASS = YES_ERROR;
				CLANG_WARN_RANGE_LOOP_ANALYSIS = YES;
				CLANG_WARN_STRICT_PROTOTYPES = YES;
				CLANG_WARN_SUSPICIOUS_MOVE = YES;
				CLANG_WARN_UNGUARDED_AVAILABILITY = YES_AGGRESSIVE;
				CLANG_WARN_UNREACHABLE_CODE = YES;
				CLANG_WARN__DUPLICATE_METHOD_MATCH = YES;
				COPY_PHASE_STRIP = NO;
				DEBUG_INFORMATION_FORMAT = "dwarf-with-dsym";
				ENABLE_NS_ASSERTIONS = NO;
				ENABLE_STRICT_OBJC_MSGSEND = YES;
				GCC_C_LANGUAGE_STANDARD = gnu11;
				GCC_NO_COMMON_BLOCKS = YES;
				GCC_WARN_64_TO_32_BIT_CONVERSION = YES;
				GCC_WARN_ABOUT_RETURN_TYPE = YES_ERROR;
				GCC_WARN_UNDECLARED_SELECTOR = YES;
				GCC_WARN_UNINITIALIZED_AUTOS = YES_AGGRESSIVE;
				GCC_WARN_UNUSED_FUNCTION = YES;
				GCC_WARN_UNUSED_VARIABLE = YES;
				MACOSX_DEPLOYMENT_TARGET = 10.14;
				MTL_ENABLE_DEBUG_INFO = NO;
				MTL_FAST_MATH = YES;
				SDKROOT = macosx;
			};
			name = Release;
		};
		2199066125DDB33300BAE6F3 /* Debug */ = {
			isa = XCBuildConfiguration;
			buildSettings = {
				CODE_SIGN_STYLE = Automatic;
				HEADER_SEARCH_PATHS = (
					/usr/local/include,
					/Users/kobihall/Documents/Code/VulkanSDK/macOS/include,
				);
				LIBRARY_SEARCH_PATHS = (
					/usr/local/lib,
					/Users/kobihall/Documents/Code/VulkanSDK/macOS/lib,
				);
				PRODUCT_NAME = "$(TARGET_NAME)";
			};
			name = Debug;
		};
		2199066225DDB33300BAE6F3 /* Release */ = {
			isa = XCBuildConfiguration;
			buildSettings = {
				CODE_SIGN_STYLE = Automatic;
				HEADER_SEARCH_PATHS = (
					/usr/local/include,
					/Users/kobihall/Documents/Code/VulkanSDK/macOS/include,
				);
				LIBRARY_SEARCH_PATHS = (
					/usr/local/lib,
					/Users/kobihall/Documents/Code/VulkanSDK/macOS/lib,
				);
				PRODUCT_NAME = "$(TARGET_NAME)";
			};
			name = Release;
		};
/* End XCBuildConfiguration section */

/* Begin XCConfigurationList section */
		2199065425DDB33300BAE6F3 /* Build configuration list for PBXProject "NonEuclideanRenderingEngine-nere" */ = {
			isa = XCConfigurationList;
			buildConfigurations = (
				2199065E25DDB33300BAE6F3 /* Debug */,
				2199065F25DDB33300BAE6F3 /* Release */,
			);
			defaultConfigurationIsVisible = 0;
			defaultConfigurationName = Release;
		};
		2199066025DDB33300BAE6F3 /* Build configuration list for PBXNativeTarget "NonEuclideanRenderingEngine-nere" */ = {
			isa = XCConfigurationList;
			buildConfigurations = (
				2199066125DDB33300BAE6F3 /* Debug */,
				2199066225DDB33300BAE6F3 /* Release */,
			);
			defaultConfigurationIsVisible = 0;
			defaultConfigurationName = Release;
		};
/* End XCConfigurationList section */
	};
	rootObject = 2199065125DDB33300BAE6F3 /* Project object */;
}
